PODS:
  - CocoaAsyncSocket (7.6.3)
  - CocoaMQTT (1.2.2):
    - CocoaAsyncSocket (~> 7.6.3)
  - MaterialComponents/Palettes (84.6.0)
  - MaterialComponents/private/Math (84.6.0)
  - MaterialComponents/ProgressView (84.6.0):
    - MaterialComponents/Palettes
    - MaterialComponents/private/Math
    - MDFInternationalization
    - MotionAnimator (~> 2.1)
  - MDFInternationalization (2.0.0)
  - MotionAnimator (2.8.1):
    - MotionInterchange (~> 1.6)
  - MotionInterchange (1.6.0)
  - SwiftSocket (2.0.2)

DEPENDENCIES:
  - CocoaMQTT
  - MaterialComponents/ProgressView
  - SwiftSocket

SPEC REPOS:
  https://github.com/cocoapods/specs.git:
    - CocoaAsyncSocket
    - CocoaMQTT
    - MaterialComponents
    - MDFInternationalization
    - MotionAnimator
    - MotionInterchange
    - SwiftSocket

SPEC CHECKSUMS:
  CocoaAsyncSocket: eafaa68a7e0ec99ead0a7b35015e0bf25d2c8987
  CocoaMQTT: 88f76737a0f745280d5b06093ac8e9e99edcfa06
  MaterialComponents: 71139af6ca6875fbde8ab8e64a275b7fd6a22d7f
  MDFInternationalization: 010097556d6b09d2c4ea38e0820ea6d37be6a314
  MotionAnimator: ee16aa30567c5bae0fb2750c132915829cfaaf8a
  MotionInterchange: ead0e3ae1f3a5fb539e289debbc7ae036160a10d
  SwiftSocket: 6f4c9c63fbc5c1d61188936bb3c599fd546f40ae

PODFILE CHECKSUM: 1ee05e85ef48752bf47724e41972e18e97d69283

COCOAPODS: 1.5.3
